
Microsoft Visual Studio Solution File, Format Version 12.00
# Visual Studio Version 17
VisualStudioVersion = 17.8.34330.188
MinimumVisualStudioVersion = 10.0.40219.1
Project("{FAE04EC0-301F-11D3-BF4B-00C04F79EFBC}") = "messanger-server", "messanger-server\messanger-server.csproj", "{0E7542EE-53B8-487C-BEFA-4FC4D68BE8F4}"
EndProject
Global
	GlobalSection(SolutionConfigurationPlatforms) = preSolution
		Debug|Any CPU = Debug|Any CPU
		Release|Any CPU = Release|Any CPU
	EndGlobalSection
	GlobalSection(ProjectConfigurationPlatforms) = postSolution
		{0E7542EE-53B8-487C-BEFA-4FC4D68BE8F4}.Debug|Any CPU.ActiveCfg = Debug|Any CPU
		{0E7542EE-53B8-487C-BEFA-4FC4D68BE8F4}.Debug|Any CPU.Build.0 = Debug|Any CPU
		{0E7542EE-53B8-487C-BEFA-4FC4D68BE8F4}.Release|Any CPU.ActiveCfg = Release|Any CPU
		{0E7542EE-53B8-487C-BEFA-4FC4D68BE8F4}.Release|Any CPU.Build.0 = Release|Any CPU
	EndGlobalSection
	GlobalSection(SolutionProperties) = preSolution
		HideSolutionNode = FALSE
	EndGlobalSection
	GlobalSection(ExtensibilityGlobals) = postSolution
		SolutionGuid = {ACF616ED-1F48-4419-91A2-38FF60369E79}
	EndGlobalSection
EndGlobal
